// !$*UTF8*$!
{
	archiveVersion = 1;
	classes = {
	};
	objectVersion = 50;
	objects = {

/* Begin PBXBuildFile section */
		0C26E18C22AAF12000B6878D /* NetworkHandler.swift in Sources */ = {isa = PBXBuildFile; fileRef = 0C26E18B22AAF12000B6878D /* NetworkHandler.swift */; };
		0C2E5AFA22AB3FD300754A86 /* Constants.swift in Sources */ = {isa = PBXBuildFile; fileRef = 0C2E5AF922AB3FD300754A86 /* Constants.swift */; };
		0CA8843F22AC98EE00285409 /* ProductResponse.swift in Sources */ = {isa = PBXBuildFile; fileRef = 0CA8843E22AC98EE00285409 /* ProductResponse.swift */; };
		0CA8844122ACA39C00285409 /* ProductResponseParser.swift in Sources */ = {isa = PBXBuildFile; fileRef = 0CA8844022ACA39C00285409 /* ProductResponseParser.swift */; };
		0CA8844522ACCCF000285409 /* Product.swift in Sources */ = {isa = PBXBuildFile; fileRef = 0CA8844422ACCCF000285409 /* Product.swift */; };
		0CA8844A22AD97F200285409 /* ProductCell.swift in Sources */ = {isa = PBXBuildFile; fileRef = 0CA8844822AD97F200285409 /* ProductCell.swift */; };
		0CA8844F22AE208A00285409 /* LXExtension-UIFont.swift in Sources */ = {isa = PBXBuildFile; fileRef = 0CA8844E22AE208A00285409 /* LXExtension-UIFont.swift */; };
		0CA8845122AE20C300285409 /* LXExtension-UIColor.swift in Sources */ = {isa = PBXBuildFile; fileRef = 0CA8845022AE20C300285409 /* LXExtension-UIColor.swift */; };
		0CA8845522AE218000285409 /* LXExtension-String.swift in Sources */ = {isa = PBXBuildFile; fileRef = 0CA8845422AE218000285409 /* LXExtension-String.swift */; };
		0CAE45AB22B731BD00414369 /* LXExtension-Double.swift in Sources */ = {isa = PBXBuildFile; fileRef = 0CAE45AA22B731BD00414369 /* LXExtension-Double.swift */; };
		0CAEA28022A9DE3E00DF12B3 /* AppDelegate.swift in Sources */ = {isa = PBXBuildFile; fileRef = 0CAEA27F22A9DE3E00DF12B3 /* AppDelegate.swift */; };
		0CAEA28222A9DE3E00DF12B3 /* MasterViewController.swift in Sources */ = {isa = PBXBuildFile; fileRef = 0CAEA28122A9DE3E00DF12B3 /* MasterViewController.swift */; };
		0CAEA28422A9DE3E00DF12B3 /* DetailViewController.swift in Sources */ = {isa = PBXBuildFile; fileRef = 0CAEA28322A9DE3E00DF12B3 /* DetailViewController.swift */; };
		0CAEA28722A9DE3E00DF12B3 /* Main.storyboard in Resources */ = {isa = PBXBuildFile; fileRef = 0CAEA28522A9DE3E00DF12B3 /* Main.storyboard */; };
		0CAEA28922A9DE3E00DF12B3 /* Assets.xcassets in Resources */ = {isa = PBXBuildFile; fileRef = 0CAEA28822A9DE3E00DF12B3 /* Assets.xcassets */; };
		0CAEA28C22A9DE3E00DF12B3 /* LaunchScreen.storyboard in Resources */ = {isa = PBXBuildFile; fileRef = 0CAEA28A22A9DE3E00DF12B3 /* LaunchScreen.storyboard */; };
		0CAEA29722A9DE3F00DF12B3 /* LXLazyCellsTests.swift in Sources */ = {isa = PBXBuildFile; fileRef = 0CAEA29622A9DE3F00DF12B3 /* LXLazyCellsTests.swift */; };
		0CB2B09F22A9E47A0035545C /* DataController.swift in Sources */ = {isa = PBXBuildFile; fileRef = 0CB2B09E22A9E47A0035545C /* DataController.swift */; };
		0CC5AC4D22AAFE2E00DF6ED7 /* NetworkOperation.swift in Sources */ = {isa = PBXBuildFile; fileRef = 0CC5AC4C22AAFE2E00DF6ED7 /* NetworkOperation.swift */; };
		85E2792C95018D07E59529D8 /* Pods_LXLazyCells.framework in Frameworks */ = {isa = PBXBuildFile; fileRef = 7E817C8F03CC26E8F0D839CC /* Pods_LXLazyCells.framework */; };
/* End PBXBuildFile section */

/* Begin PBXContainerItemProxy section */
		0CAEA29322A9DE3F00DF12B3 /* PBXContainerItemProxy */ = {
			isa = PBXContainerItemProxy;
			containerPortal = 0CAEA27422A9DE3E00DF12B3 /* Project object */;
			proxyType = 1;
			remoteGlobalIDString = 0CAEA27B22A9DE3E00DF12B3;
			remoteInfo = LXLazyCells;
		};
/* End PBXContainerItemProxy section */

/* Begin PBXFileReference section */
		0C26E18B22AAF12000B6878D /* NetworkHandler.swift */ = {isa = PBXFileReference; lastKnownFileType = sourcecode.swift; path = NetworkHandler.swift; sourceTree = "<group>"; };
		0C2E5AF922AB3FD300754A86 /* Constants.swift */ = {isa = PBXFileReference; lastKnownFileType = sourcecode.swift; path = Constants.swift; sourceTree = "<group>"; };
		0CA8843E22AC98EE00285409 /* ProductResponse.swift */ = {isa = PBXFileReference; lastKnownFileType = sourcecode.swift; path = ProductResponse.swift; sourceTree = "<group>"; };
		0CA8844022ACA39C00285409 /* ProductResponseParser.swift */ = {isa = PBXFileReference; lastKnownFileType = sourcecode.swift; path = ProductResponseParser.swift; sourceTree = "<group>"; };
		0CA8844422ACCCF000285409 /* Product.swift */ = {isa = PBXFileReference; lastKnownFileType = sourcecode.swift; path = Product.swift; sourceTree = "<group>"; };
		0CA8844822AD97F200285409 /* ProductCell.swift */ = {isa = PBXFileReference; lastKnownFileType = sourcecode.swift; path = ProductCell.swift; sourceTree = "<group>"; };
		0CA8844E22AE208A00285409 /* LXExtension-UIFont.swift */ = {isa = PBXFileReference; lastKnownFileType = sourcecode.swift; path = "LXExtension-UIFont.swift"; sourceTree = "<group>"; };
		0CA8845022AE20C300285409 /* LXExtension-UIColor.swift */ = {isa = PBXFileReference; lastKnownFileType = sourcecode.swift; path = "LXExtension-UIColor.swift"; sourceTree = "<group>"; };
		0CA8845422AE218000285409 /* LXExtension-String.swift */ = {isa = PBXFileReference; lastKnownFileType = sourcecode.swift; path = "LXExtension-String.swift"; sourceTree = "<group>"; };
		0CAE45AA22B731BD00414369 /* LXExtension-Double.swift */ = {isa = PBXFileReference; lastKnownFileType = sourcecode.swift; path = "LXExtension-Double.swift"; sourceTree = "<group>"; };
		0CAEA27C22A9DE3E00DF12B3 /* LXLazyCells.app */ = {isa = PBXFileReference; explicitFileType = wrapper.application; includeInIndex = 0; path = LXLazyCells.app; sourceTree = BUILT_PRODUCTS_DIR; };
		0CAEA27F22A9DE3E00DF12B3 /* AppDelegate.swift */ = {isa = PBXFileReference; lastKnownFileType = sourcecode.swift; path = AppDelegate.swift; sourceTree = "<group>"; };
		0CAEA28122A9DE3E00DF12B3 /* MasterViewController.swift */ = {isa = PBXFileReference; lastKnownFileType = sourcecode.swift; path = MasterViewController.swift; sourceTree = "<group>"; };
		0CAEA28322A9DE3E00DF12B3 /* DetailViewController.swift */ = {isa = PBXFileReference; lastKnownFileType = sourcecode.swift; path = DetailViewController.swift; sourceTree = "<group>"; };
		0CAEA28622A9DE3E00DF12B3 /* Base */ = {isa = PBXFileReference; lastKnownFileType = file.storyboard; name = Base; path = Base.lproj/Main.storyboard; sourceTree = "<group>"; };
		0CAEA28822A9DE3E00DF12B3 /* Assets.xcassets */ = {isa = PBXFileReference; lastKnownFileType = folder.assetcatalog; path = Assets.xcassets; sourceTree = "<group>"; };
		0CAEA28B22A9DE3E00DF12B3 /* Base */ = {isa = PBXFileReference; lastKnownFileType = file.storyboard; name = Base; path = Base.lproj/LaunchScreen.storyboard; sourceTree = "<group>"; };
		0CAEA28D22A9DE3E00DF12B3 /* Info.plist */ = {isa = PBXFileReference; lastKnownFileType = text.plist.xml; path = Info.plist; sourceTree = "<group>"; };
		0CAEA29222A9DE3F00DF12B3 /* LXLazyCellsTests.xctest */ = {isa = PBXFileReference; explicitFileType = wrapper.cfbundle; includeInIndex = 0; path = LXLazyCellsTests.xctest; sourceTree = BUILT_PRODUCTS_DIR; };
		0CAEA29622A9DE3F00DF12B3 /* LXLazyCellsTests.swift */ = {isa = PBXFileReference; lastKnownFileType = sourcecode.swift; path = LXLazyCellsTests.swift; sourceTree = "<group>"; };
		0CAEA29822A9DE3F00DF12B3 /* Info.plist */ = {isa = PBXFileReference; lastKnownFileType = text.plist.xml; path = Info.plist; sourceTree = "<group>"; };
		0CB2B09E22A9E47A0035545C /* DataController.swift */ = {isa = PBXFileReference; lastKnownFileType = sourcecode.swift; path = DataController.swift; sourceTree = "<group>"; };
		0CC5AC4C22AAFE2E00DF6ED7 /* NetworkOperation.swift */ = {isa = PBXFileReference; lastKnownFileType = sourcecode.swift; path = NetworkOperation.swift; sourceTree = "<group>"; };
		7E817C8F03CC26E8F0D839CC /* Pods_LXLazyCells.framework */ = {isa = PBXFileReference; explicitFileType = wrapper.framework; includeInIndex = 0; path = Pods_LXLazyCells.framework; sourceTree = BUILT_PRODUCTS_DIR; };
		D55B445BFF7F0FEEC1BD2CFD /* Pods-LXLazyCells.debug.xcconfig */ = {isa = PBXFileReference; includeInIndex = 1; lastKnownFileType = text.xcconfig; name = "Pods-LXLazyCells.debug.xcconfig"; path = "Pods/Target Support Files/Pods-LXLazyCells/Pods-LXLazyCells.debug.xcconfig"; sourceTree = "<group>"; };
		E7169E0D1739033AA6656D7D /* Pods-LXLazyCells.release.xcconfig */ = {isa = PBXFileReference; includeInIndex = 1; lastKnownFileType = text.xcconfig; name = "Pods-LXLazyCells.release.xcconfig"; path = "Pods/Target Support Files/Pods-LXLazyCells/Pods-LXLazyCells.release.xcconfig"; sourceTree = "<group>"; };
/* End PBXFileReference section */

/* Begin PBXFrameworksBuildPhase section */
		0CAEA27922A9DE3E00DF12B3 /* Frameworks */ = {
			isa = PBXFrameworksBuildPhase;
			buildActionMask = 2147483647;
			files = (
				85E2792C95018D07E59529D8 /* Pods_LXLazyCells.framework in Frameworks */,
			);
			runOnlyForDeploymentPostprocessing = 0;
		};
		0CAEA28F22A9DE3F00DF12B3 /* Frameworks */ = {
			isa = PBXFrameworksBuildPhase;
			buildActionMask = 2147483647;
			files = (
			);
			runOnlyForDeploymentPostprocessing = 0;
		};
/* End PBXFrameworksBuildPhase section */

/* Begin PBXGroup section */
		0C26E18A22AAF0F000B6878D /* Network */ = {
			isa = PBXGroup;
			children = (
				0C26E18B22AAF12000B6878D /* NetworkHandler.swift */,
				0CC5AC4C22AAFE2E00DF6ED7 /* NetworkOperation.swift */,
				0CA8844022ACA39C00285409 /* ProductResponseParser.swift */,
			);
			path = Network;
			sourceTree = "<group>";
		};
		0CA8844D22AE203900285409 /* UICatalog */ = {
			isa = PBXGroup;
			children = (
				0CA8844E22AE208A00285409 /* LXExtension-UIFont.swift */,
				0CA8845022AE20C300285409 /* LXExtension-UIColor.swift */,
				0CA8845422AE218000285409 /* LXExtension-String.swift */,
				0CAE45AA22B731BD00414369 /* LXExtension-Double.swift */,
			);
			path = UICatalog;
			sourceTree = "<group>";
		};
		0CAEA27322A9DE3E00DF12B3 = {
			isa = PBXGroup;
			children = (
				0CAEA27E22A9DE3E00DF12B3 /* LXLazyCells */,
				0CAEA29522A9DE3F00DF12B3 /* LXLazyCellsTests */,
				0CAEA27D22A9DE3E00DF12B3 /* Products */,
				C34832256F0CE33079A3F614 /* Pods */,
				DEDB397CE5E9829008430DEA /* Frameworks */,
			);
			sourceTree = "<group>";
		};
		0CAEA27D22A9DE3E00DF12B3 /* Products */ = {
			isa = PBXGroup;
			children = (
				0CAEA27C22A9DE3E00DF12B3 /* LXLazyCells.app */,
				0CAEA29222A9DE3F00DF12B3 /* LXLazyCellsTests.xctest */,
			);
			name = Products;
			sourceTree = "<group>";
		};
		0CAEA27E22A9DE3E00DF12B3 /* LXLazyCells */ = {
			isa = PBXGroup;
			children = (
				0CAEA27F22A9DE3E00DF12B3 /* AppDelegate.swift */,
				0C26E18A22AAF0F000B6878D /* Network */,
				0CB2B09A22A9E3B20035545C /* ViewControllers */,
				0CB2B09D22A9E4530035545C /* Model */,
				0CA8844D22AE203900285409 /* UICatalog */,
				0C2E5AF922AB3FD300754A86 /* Constants.swift */,
				0CAEA28822A9DE3E00DF12B3 /* Assets.xcassets */,
				0CAEA28A22A9DE3E00DF12B3 /* LaunchScreen.storyboard */,
				0CAEA28D22A9DE3E00DF12B3 /* Info.plist */,
			);
			path = LXLazyCells;
			sourceTree = "<group>";
		};
		0CAEA29522A9DE3F00DF12B3 /* LXLazyCellsTests */ = {
			isa = PBXGroup;
			children = (
				0CAEA29622A9DE3F00DF12B3 /* LXLazyCellsTests.swift */,
				0CAEA29822A9DE3F00DF12B3 /* Info.plist */,
			);
			path = LXLazyCellsTests;
			sourceTree = "<group>";
		};
		0CB2B09A22A9E3B20035545C /* ViewControllers */ = {
			isa = PBXGroup;
			children = (
				0CAEA28122A9DE3E00DF12B3 /* MasterViewController.swift */,
				0CAEA28322A9DE3E00DF12B3 /* DetailViewController.swift */,
				0CA8844822AD97F200285409 /* ProductCell.swift */,
				0CAEA28522A9DE3E00DF12B3 /* Main.storyboard */,
			);
			path = ViewControllers;
			sourceTree = "<group>";
		};
		0CB2B09D22A9E4530035545C /* Model */ = {
			isa = PBXGroup;
			children = (
				0CB2B09E22A9E47A0035545C /* DataController.swift */,
				0CA8843E22AC98EE00285409 /* ProductResponse.swift */,
				0CA8844422ACCCF000285409 /* Product.swift */,
			);
			path = Model;
			sourceTree = "<group>";
		};
		C34832256F0CE33079A3F614 /* Pods */ = {
			isa = PBXGroup;
			children = (
				D55B445BFF7F0FEEC1BD2CFD /* Pods-LXLazyCells.debug.xcconfig */,
				E7169E0D1739033AA6656D7D /* Pods-LXLazyCells.release.xcconfig */,
			);
			name = Pods;
			sourceTree = "<group>";
		};
		DEDB397CE5E9829008430DEA /* Frameworks */ = {
			isa = PBXGroup;
			children = (
				7E817C8F03CC26E8F0D839CC /* Pods_LXLazyCells.framework */,
			);
			name = Frameworks;
			sourceTree = "<group>";
		};
/* End PBXGroup section */

/* Begin PBXNativeTarget section */
		0CAEA27B22A9DE3E00DF12B3 /* LXLazyCells */ = {
			isa = PBXNativeTarget;
			buildConfigurationList = 0CAEA29B22A9DE3F00DF12B3 /* Build configuration list for PBXNativeTarget "LXLazyCells" */;
			buildPhases = (
				8F81D6C6848FE6407BAD9B3D /* [CP] Check Pods Manifest.lock */,
				0CAEA27822A9DE3E00DF12B3 /* Sources */,
				0CAEA27922A9DE3E00DF12B3 /* Frameworks */,
				0CAEA27A22A9DE3E00DF12B3 /* Resources */,
				37565C3FB81BF5F7688A12E2 /* [CP] Embed Pods Frameworks */,
			);
			buildRules = (
			);
			dependencies = (
			);
			name = LXLazyCells;
			productName = LXLazyCells;
			productReference = 0CAEA27C22A9DE3E00DF12B3 /* LXLazyCells.app */;
			productType = "com.apple.product-type.application";
		};
		0CAEA29122A9DE3F00DF12B3 /* LXLazyCellsTests */ = {
			isa = PBXNativeTarget;
			buildConfigurationList = 0CAEA29E22A9DE3F00DF12B3 /* Build configuration list for PBXNativeTarget "LXLazyCellsTests" */;
			buildPhases = (
				0CAEA28E22A9DE3F00DF12B3 /* Sources */,
				0CAEA28F22A9DE3F00DF12B3 /* Frameworks */,
				0CAEA29022A9DE3F00DF12B3 /* Resources */,
			);
			buildRules = (
			);
			dependencies = (
				0CAEA29422A9DE3F00DF12B3 /* PBXTargetDependency */,
			);
			name = LXLazyCellsTests;
			productName = LXLazyCellsTests;
			productReference = 0CAEA29222A9DE3F00DF12B3 /* LXLazyCellsTests.xctest */;
			productType = "com.apple.product-type.bundle.unit-test";
		};
/* End PBXNativeTarget section */

/* Begin PBXProject section */
		0CAEA27422A9DE3E00DF12B3 /* Project object */ = {
			isa = PBXProject;
			attributes = {
				LastSwiftUpdateCheck = 1020;
				LastUpgradeCheck = 1020;
				ORGANIZATIONNAME = BanCreations;
				TargetAttributes = {
					0CAEA27B22A9DE3E00DF12B3 = {
						CreatedOnToolsVersion = 10.2;
					};
					0CAEA29122A9DE3F00DF12B3 = {
						CreatedOnToolsVersion = 10.2;
						TestTargetID = 0CAEA27B22A9DE3E00DF12B3;
					};
				};
			};
			buildConfigurationList = 0CAEA27722A9DE3E00DF12B3 /* Build configuration list for PBXProject "LXLazyCells" */;
			compatibilityVersion = "Xcode 9.3";
			developmentRegion = en;
			hasScannedForEncodings = 0;
			knownRegions = (
				en,
				Base,
			);
			mainGroup = 0CAEA27322A9DE3E00DF12B3;
			productRefGroup = 0CAEA27D22A9DE3E00DF12B3 /* Products */;
			projectDirPath = "";
			projectRoot = "";
			targets = (
				0CAEA27B22A9DE3E00DF12B3 /* LXLazyCells */,
				0CAEA29122A9DE3F00DF12B3 /* LXLazyCellsTests */,
			);
		};
/* End PBXProject section */

/* Begin PBXResourcesBuildPhase section */
		0CAEA27A22A9DE3E00DF12B3 /* Resources */ = {
			isa = PBXResourcesBuildPhase;
			buildActionMask = 2147483647;
			files = (
				0CAEA28C22A9DE3E00DF12B3 /* LaunchScreen.storyboard in Resources */,
				0CAEA28922A9DE3E00DF12B3 /* Assets.xcassets in Resources */,
				0CAEA28722A9DE3E00DF12B3 /* Main.storyboard in Resources */,
			);
			runOnlyForDeploymentPostprocessing = 0;
		};
		0CAEA29022A9DE3F00DF12B3 /* Resources */ = {
			isa = PBXResourcesBuildPhase;
			buildActionMask = 2147483647;
			files = (
			);
			runOnlyForDeploymentPostprocessing = 0;
		};
/* End PBXResourcesBuildPhase section */

/* Begin PBXShellScriptBuildPhase section */
		37565C3FB81BF5F7688A12E2 /* [CP] Embed Pods Frameworks */ = {
			isa = PBXShellScriptBuildPhase;
			buildActionMask = 2147483647;
			files = (
			);
			inputFileListPaths = (
			);
			inputPaths = (
				"${SRCROOT}/Pods/Target Support Files/Pods-LXLazyCells/Pods-LXLazyCells-frameworks.sh",
				"${BUILT_PRODUCTS_DIR}/Kingfisher/Kingfisher.framework",
			);
			name = "[CP] Embed Pods Frameworks";
			outputFileListPaths = (
			);
			outputPaths = (
				"${TARGET_BUILD_DIR}/${FRAMEWORKS_FOLDER_PATH}/Kingfisher.framework",
			);
			runOnlyForDeploymentPostprocessing = 0;
			shellPath = /bin/sh;
			shellScript = "\"${SRCROOT}/Pods/Target Support Files/Pods-LXLazyCells/Pods-LXLazyCells-frameworks.sh\"\n";
			showEnvVarsInLog = 0;
		};
		8F81D6C6848FE6407BAD9B3D /* [CP] Check Pods Manifest.lock */ = {
			isa = PBXShellScriptBuildPhase;
			buildActionMask = 2147483647;
			files = (
			);
			inputFileListPaths = (
			);
			inputPaths = (
				"${PODS_PODFILE_DIR_PATH}/Podfile.lock",
				"${PODS_ROOT}/Manifest.lock",
			);
			name = "[CP] Check Pods Manifest.lock";
			outputFileListPaths = (
			);
			outputPaths = (
				"$(DERIVED_FILE_DIR)/Pods-LXLazyCells-checkManifestLockResult.txt",
			);
			runOnlyForDeploymentPostprocessing = 0;
			shellPath = /bin/sh;
			shellScript = "diff \"${PODS_PODFILE_DIR_PATH}/Podfile.lock\" \"${PODS_ROOT}/Manifest.lock\" > /dev/null\nif [ $? != 0 ] ; then\n    # print error to STDERR\n    echo \"error: The sandbox is not in sync with the Podfile.lock. Run 'pod install' or update your CocoaPods installation.\" >&2\n    exit 1\nfi\n# This output is used by Xcode 'outputs' to avoid re-running this script phase.\necho \"SUCCESS\" > \"${SCRIPT_OUTPUT_FILE_0}\"\n";
			showEnvVarsInLog = 0;
		};
/* End PBXShellScriptBuildPhase section */

/* Begin PBXSourcesBuildPhase section */
		0CAEA27822A9DE3E00DF12B3 /* Sources */ = {
			isa = PBXSourcesBuildPhase;
			buildActionMask = 2147483647;
			files = (
				0CAEA28422A9DE3E00DF12B3 /* DetailViewController.swift in Sources */,
				0CB2B09F22A9E47A0035545C /* DataController.swift in Sources */,
				0CAEA28222A9DE3E00DF12B3 /* MasterViewController.swift in Sources */,
				0CA8844A22AD97F200285409 /* ProductCell.swift in Sources */,
				0CAEA28022A9DE3E00DF12B3 /* AppDelegate.swift in Sources */,
				0CA8844522ACCCF000285409 /* Product.swift in Sources */,
				0CA8844F22AE208A00285409 /* LXExtension-UIFont.swift in Sources */,
				0CA8845122AE20C300285409 /* LXExtension-UIColor.swift in Sources */,
				0C26E18C22AAF12000B6878D /* NetworkHandler.swift in Sources */,
				0CA8843F22AC98EE00285409 /* ProductResponse.swift in Sources */,
				0CA8844122ACA39C00285409 /* ProductResponseParser.swift in Sources */,
				0CA8845522AE218000285409 /* LXExtension-String.swift in Sources */,
				0CAE45AB22B731BD00414369 /* LXExtension-Double.swift in Sources */,
				0CC5AC4D22AAFE2E00DF6ED7 /* NetworkOperation.swift in Sources */,
				0C2E5AFA22AB3FD300754A86 /* Constants.swift in Sources */,
			);
			runOnlyForDeploymentPostprocessing = 0;
		};
		0CAEA28E22A9DE3F00DF12B3 /* Sources */ = {
			isa = PBXSourcesBuildPhase;
			buildActionMask = 2147483647;
			files = (
				0CAEA29722A9DE3F00DF12B3 /* LXLazyCellsTests.swift in Sources */,
			);
			runOnlyForDeploymentPostprocessing = 0;
		};
/* End PBXSourcesBuildPhase section */

/* Begin PBXTargetDependency section */
		0CAEA29422A9DE3F00DF12B3 /* PBXTargetDependency */ = {
			isa = PBXTargetDependency;
			target = 0CAEA27B22A9DE3E00DF12B3 /* LXLazyCells */;
			targetProxy = 0CAEA29322A9DE3F00DF12B3 /* PBXContainerItemProxy */;
		};
/* End PBXTargetDependency section */

/* Begin PBXVariantGroup section */
		0CAEA28522A9DE3E00DF12B3 /* Main.storyboard */ = {
			isa = PBXVariantGroup;
			children = (
				0CAEA28622A9DE3E00DF12B3 /* Base */,
			);
			name = Main.storyboard;
			sourceTree = "<group>";
		};
		0CAEA28A22A9DE3E00DF12B3 /* LaunchScreen.storyboard */ = {
			isa = PBXVariantGroup;
			children = (
				0CAEA28B22A9DE3E00DF12B3 /* Base */,
			);
			name = LaunchScreen.storyboard;
			sourceTree = "<group>";
		};
/* End PBXVariantGroup section */

/* Begin XCBuildConfiguration section */
		0CAEA29922A9DE3F00DF12B3 /* Debug */ = {
			isa = XCBuildConfiguration;
			buildSettings = {
				ALWAYS_SEARCH_USER_PATHS = NO;
				CLANG_ANALYZER_NONNULL = YES;
				CLANG_ANALYZER_NUMBER_OBJECT_CONVERSION = YES_AGGRESSIVE;
				CLANG_CXX_LANGUAGE_STANDARD = "gnu++14";
				CLANG_CXX_LIBRARY = "libc++";
				CLANG_ENABLE_MODULES = YES;
				CLANG_ENABLE_OBJC_ARC = YES;
				CLANG_ENABLE_OBJC_WEAK = YES;
				CLANG_WARN_BLOCK_CAPTURE_AUTORELEASING = YES;
				CLANG_WARN_BOOL_CONVERSION = YES;
				CLANG_WARN_COMMA = YES;
				CLANG_WARN_CONSTANT_CONVERSION = YES;
				CLANG_WARN_DEPRECATED_OBJC_IMPLEMENTATIONS = YES;
				CLANG_WARN_DIRECT_OBJC_ISA_USAGE = YES_ERROR;
				CLANG_WARN_DOCUMENTATION_COMMENTS = YES;
				CLANG_WARN_EMPTY_BODY = YES;
				CLANG_WARN_ENUM_CONVERSION = YES;
				CLANG_WARN_INFINITE_RECURSION = YES;
				CLANG_WARN_INT_CONVERSION = YES;
				CLANG_WARN_NON_LITERAL_NULL_CONVERSION = YES;
				CLANG_WARN_OBJC_IMPLICIT_RETAIN_SELF = YES;
				CLANG_WARN_OBJC_LITERAL_CONVERSION = YES;
				CLANG_WARN_OBJC_ROOT_CLASS = YES_ERROR;
				CLANG_WARN_RANGE_LOOP_ANALYSIS = YES;
				CLANG_WARN_STRICT_PROTOTYPES = YES;
				CLANG_WARN_SUSPICIOUS_MOVE = YES;
				CLANG_WARN_UNGUARDED_AVAILABILITY = YES_AGGRESSIVE;
				CLANG_WARN_UNREACHABLE_CODE = YES;
				CLANG_WARN__DUPLICATE_METHOD_MATCH = YES;
				CODE_SIGN_IDENTITY = "iPhone Developer";
				COPY_PHASE_STRIP = NO;
				DEBUG_INFORMATION_FORMAT = dwarf;
				ENABLE_STRICT_OBJC_MSGSEND = YES;
				ENABLE_TESTABILITY = YES;
				GCC_C_LANGUAGE_STANDARD = gnu11;
				GCC_DYNAMIC_NO_PIC = NO;
				GCC_NO_COMMON_BLOCKS = YES;
				GCC_OPTIMIZATION_LEVEL = 0;
				GCC_PREPROCESSOR_DEFINITIONS = (
					"DEBUG=1",
					"$(inherited)",
				);
				GCC_WARN_64_TO_32_BIT_CONVERSION = YES;
				GCC_WARN_ABOUT_RETURN_TYPE = YES_ERROR;
				GCC_WARN_UNDECLARED_SELECTOR = YES;
				GCC_WARN_UNINITIALIZED_AUTOS = YES_AGGRESSIVE;
				GCC_WARN_UNUSED_FUNCTION = YES;
				GCC_WARN_UNUSED_VARIABLE = YES;
				IPHONEOS_DEPLOYMENT_TARGET = 12.2;
				MTL_ENABLE_DEBUG_INFO = INCLUDE_SOURCE;
				MTL_FAST_MATH = YES;
				ONLY_ACTIVE_ARCH = YES;
				SDKROOT = iphoneos;
				SWIFT_ACTIVE_COMPILATION_CONDITIONS = DEBUG;
				SWIFT_OPTIMIZATION_LEVEL = "-Onone";
			};
			name = Debug;
		};
		0CAEA29A22A9DE3F00DF12B3 /* Release */ = {
			isa = XCBuildConfiguration;
			buildSettings = {
				ALWAYS_SEARCH_USER_PATHS = NO;
				CLANG_ANALYZER_NONNULL = YES;
				CLANG_ANALYZER_NUMBER_OBJECT_CONVERSION = YES_AGGRESSIVE;
				CLANG_CXX_LANGUAGE_STANDARD = "gnu++14";
				CLANG_CXX_LIBRARY = "libc++";
				CLANG_ENABLE_MODULES = YES;
				CLANG_ENABLE_OBJC_ARC = YES;
				CLANG_ENABLE_OBJC_WEAK = YES;
				CLANG_WARN_BLOCK_CAPTURE_AUTORELEASING = YES;
				CLANG_WARN_BOOL_CONVERSION = YES;
				CLANG_WARN_COMMA = YES;
				CLANG_WARN_CONSTANT_CONVERSION = YES;
				CLANG_WARN_DEPRECATED_OBJC_IMPLEMENTATIONS = YES;
				CLANG_WARN_DIRECT_OBJC_ISA_USAGE = YES_ERROR;
				CLANG_WARN_DOCUMENTATION_COMMENTS = YES;
				CLANG_WARN_EMPTY_BODY = YES;
				CLANG_WARN_ENUM_CONVERSION = YES;
				CLANG_WARN_INFINITE_RECURSION = YES;
				CLANG_WARN_INT_CONVERSION = YES;
				CLANG_WARN_NON_LITERAL_NULL_CONVERSION = YES;
				CLANG_WARN_OBJC_IMPLICIT_RETAIN_SELF = YES;
				CLANG_WARN_OBJC_LITERAL_CONVERSION = YES;
				CLANG_WARN_OBJC_ROOT_CLASS = YES_ERROR;
				CLANG_WARN_RANGE_LOOP_ANALYSIS = YES;
				CLANG_WARN_STRICT_PROTOTYPES = YES;
				CLANG_WARN_SUSPICIOUS_MOVE = YES;
				CLANG_WARN_UNGUARDED_AVAILABILITY = YES_AGGRESSIVE;
				CLANG_WARN_UNREACHABLE_CODE = YES;
				CLANG_WARN__DUPLICATE_METHOD_MATCH = YES;
				CODE_SIGN_IDENTITY = "iPhone Developer";
				COPY_PHASE_STRIP = NO;
				DEBUG_INFORMATION_FORMAT = "dwarf-with-dsym";
				ENABLE_NS_ASSERTIONS = NO;
				ENABLE_STRICT_OBJC_MSGSEND = YES;
				GCC_C_LANGUAGE_STANDARD = gnu11;
				GCC_NO_COMMON_BLOCKS = YES;
				GCC_WARN_64_TO_32_BIT_CONVERSION = YES;
				GCC_WARN_ABOUT_RETURN_TYPE = YES_ERROR;
				GCC_WARN_UNDECLARED_SELECTOR = YES;
				GCC_WARN_UNINITIALIZED_AUTOS = YES_AGGRESSIVE;
				GCC_WARN_UNUSED_FUNCTION = YES;
				GCC_WARN_UNUSED_VARIABLE = YES;
				IPHONEOS_DEPLOYMENT_TARGET = 12.2;
				MTL_ENABLE_DEBUG_INFO = NO;
				MTL_FAST_MATH = YES;
				SDKROOT = iphoneos;
				SWIFT_COMPILATION_MODE = wholemodule;
				SWIFT_OPTIMIZATION_LEVEL = "-O";
				VALIDATE_PRODUCT = YES;
			};
			name = Release;
		};
		0CAEA29C22A9DE3F00DF12B3 /* Debug */ = {
			isa = XCBuildConfiguration;
			baseConfigurationReference = D55B445BFF7F0FEEC1BD2CFD /* Pods-LXLazyCells.debug.xcconfig */;
			buildSettings = {
				ASSETCATALOG_COMPILER_APPICON_NAME = AppIcon;
				CODE_SIGN_STYLE = Automatic;
				DEVELOPMENT_TEAM = ZHH9RP6XA9;
				INFOPLIST_FILE = LXLazyCells/Info.plist;
				LD_RUNPATH_SEARCH_PATHS = (
					"$(inherited)",
					"@executable_path/Frameworks",
				);
				PRODUCT_BUNDLE_IDENTIFIER = com.laxman.LXLazyCells;
				PRODUCT_NAME = "$(TARGET_NAME)";
				SWIFT_VERSION = 5.0;
				TARGETED_DEVICE_FAMILY = "1,2";
			};
			name = Debug;
		};
		0CAEA29D22A9DE3F00DF12B3 /* Release */ = {
			isa = XCBuildConfiguration;
			baseConfigurationReference = E7169E0D1739033AA6656D7D /* Pods-LXLazyCells.release.xcconfig */;
			buildSettings = {
				ASSETCATALOG_COMPILER_APPICON_NAME = AppIcon;
				CODE_SIGN_STYLE = Automatic;
				DEVELOPMENT_TEAM = ZHH9RP6XA9;
				INFOPLIST_FILE = LXLazyCells/Info.plist;
				LD_RUNPATH_SEARCH_PATHS = (
					"$(inherited)",
					"@executable_path/Frameworks",
				);
				PRODUCT_BUNDLE_IDENTIFIER = com.laxman.LXLazyCells;
				PRODUCT_NAME = "$(TARGET_NAME)";
				SWIFT_VERSION = 5.0;
				TARGETED_DEVICE_FAMILY = "1,2";
			};
			name = Release;
		};
		0CAEA29F22A9DE3F00DF12B3 /* Debug */ = {
			isa = XCBuildConfiguration;
			buildSettings = {
				ALWAYS_EMBED_SWIFT_STANDARD_LIBRARIES = YES;
				BUNDLE_LOADER = "$(TEST_HOST)";
				CODE_SIGN_STYLE = Automatic;
				DEVELOPMENT_TEAM = ZHH9RP6XA9;
				INFOPLIST_FILE = LXLazyCellsTests/Info.plist;
				LD_RUNPATH_SEARCH_PATHS = (
					"$(inherited)",
					"@executable_path/Frameworks",
					"@loader_path/Frameworks",
				);
				PRODUCT_BUNDLE_IDENTIFIER = com.laxman.LXLazyCellsTests;
				PRODUCT_NAME = "$(TARGET_NAME)";
				SWIFT_VERSION = 5.0;
				TARGETED_DEVICE_FAMILY = "1,2";
				TEST_HOST = "$(BUILT_PRODUCTS_DIR)/LXLazyCells.app/LXLazyCells";
			};
			name = Debug;
		};
		0CAEA2A022A9DE3F00DF12B3 /* Release */ = {
			isa = XCBuildConfiguration;
			buildSettings = {
				ALWAYS_EMBED_SWIFT_STANDARD_LIBRARIES = YES;
				BUNDLE_LOADER = "$(TEST_HOST)";
				CODE_SIGN_STYLE = Automatic;
				DEVELOPMENT_TEAM = ZHH9RP6XA9;
				INFOPLIST_FILE = LXLazyCellsTests/Info.plist;
				LD_RUNPATH_SEARCH_PATHS = (
					"$(inherited)",
					"@executable_path/Frameworks",
					"@loader_path/Frameworks",
				);
				PRODUCT_BUNDLE_IDENTIFIER = com.laxman.LXLazyCellsTests;
				PRODUCT_NAME = "$(TARGET_NAME)";
				SWIFT_VERSION = 5.0;
				TARGETED_DEVICE_FAMILY = "1,2";
				TEST_HOST = "$(BUILT_PRODUCTS_DIR)/LXLazyCells.app/LXLazyCells";
			};
			name = Release;
		};
/* End XCBuildConfiguration section */

/* Begin XCConfigurationList section */
		0CAEA27722A9DE3E00DF12B3 /* Build configuration list for PBXProject "LXLazyCells" */ = {
			isa = XCConfigurationList;
			buildConfigurations = (
				0CAEA29922A9DE3F00DF12B3 /* Debug */,
				0CAEA29A22A9DE3F00DF12B3 /* Release */,
			);
			defaultConfigurationIsVisible = 0;
			defaultConfigurationName = Release;
		};
		0CAEA29B22A9DE3F00DF12B3 /* Build configuration list for PBXNativeTarget "LXLazyCells" */ = {
			isa = XCConfigurationList;
			buildConfigurations = (
				0CAEA29C22A9DE3F00DF12B3 /* Debug */,
				0CAEA29D22A9DE3F00DF12B3 /* Release */,
			);
			defaultConfigurationIsVisible = 0;
			defaultConfigurationName = Release;
		};
		0CAEA29E22A9DE3F00DF12B3 /* Build configuration list for PBXNativeTarget "LXLazyCellsTests" */ = {
			isa = XCConfigurationList;
			buildConfigurations = (
				0CAEA29F22A9DE3F00DF12B3 /* Debug */,
				0CAEA2A022A9DE3F00DF12B3 /* Release */,
			);
			defaultConfigurationIsVisible = 0;
			defaultConfigurationName = Release;
		};
/* End XCConfigurationList section */
	};
	rootObject = 0CAEA27422A9DE3E00DF12B3 /* Project object */;
}
